// !$*UTF8*$!
{
	archiveVersion = 1;
	classes = {
	};
	objectVersion = 50;
	objects = {

/* Begin PBXBuildFile section */
		00EDF86560479E88EBEEDBA0 /* Pods_Messages.framework in Frameworks */ = {isa = PBXBuildFile; fileRef = B1003B635035A4182CE2ADBD /* Pods_Messages.framework */; };
		B33C8C9E25111A4100CDCBEC /* AppDelegate.swift in Sources */ = {isa = PBXBuildFile; fileRef = B33C8C9D25111A4100CDCBEC /* AppDelegate.swift */; };
		B33C8CA025111A4100CDCBEC /* SceneDelegate.swift in Sources */ = {isa = PBXBuildFile; fileRef = B33C8C9F25111A4100CDCBEC /* SceneDelegate.swift */; };
		B33C8CA225111A4100CDCBEC /* ConversationViewController.swift in Sources */ = {isa = PBXBuildFile; fileRef = B33C8CA125111A4100CDCBEC /* ConversationViewController.swift */; };
		B33C8CA525111A4100CDCBEC /* Main.storyboard in Resources */ = {isa = PBXBuildFile; fileRef = B33C8CA325111A4100CDCBEC /* Main.storyboard */; };
		B33C8CA725111A4300CDCBEC /* Assets.xcassets in Resources */ = {isa = PBXBuildFile; fileRef = B33C8CA625111A4300CDCBEC /* Assets.xcassets */; };
		B33C8CAA25111A4300CDCBEC /* LaunchScreen.storyboard in Resources */ = {isa = PBXBuildFile; fileRef = B33C8CA825111A4300CDCBEC /* LaunchScreen.storyboard */; };
		B33C8CBC2511247300CDCBEC /* RegisterViewController.swift in Sources */ = {isa = PBXBuildFile; fileRef = B33C8CBB2511247300CDCBEC /* RegisterViewController.swift */; };
		B33C8CBE2511248200CDCBEC /* ProfileViewController.swift in Sources */ = {isa = PBXBuildFile; fileRef = B33C8CBD2511248200CDCBEC /* ProfileViewController.swift */; };
		B33C8CC0251124A400CDCBEC /* NewConversationViewController.swift in Sources */ = {isa = PBXBuildFile; fileRef = B33C8CBF251124A400CDCBEC /* NewConversationViewController.swift */; };
		B33C8CC2251124B600CDCBEC /* PhotoViewerViewController.swift in Sources */ = {isa = PBXBuildFile; fileRef = B33C8CC1251124B600CDCBEC /* PhotoViewerViewController.swift */; };
		B33C8CC4251124D400CDCBEC /* VideoPlayerViewController.swift in Sources */ = {isa = PBXBuildFile; fileRef = B33C8CC3251124D400CDCBEC /* VideoPlayerViewController.swift */; };
		B33C8CC825112F5D00CDCBEC /* Extensions.swift in Sources */ = {isa = PBXBuildFile; fileRef = B33C8CC725112F5D00CDCBEC /* Extensions.swift */; };
		B33C8CCA2511311A00CDCBEC /* LoginViewController.swift in Sources */ = {isa = PBXBuildFile; fileRef = B33C8CC92511311A00CDCBEC /* LoginViewController.swift */; };
		B3FE455625139FEF004D148A /* GoogleService-Info.plist in Resources */ = {isa = PBXBuildFile; fileRef = B3FE455525139FEF004D148A /* GoogleService-Info.plist */; };
/* End PBXBuildFile section */

/* Begin PBXFileReference section */
		33BD440E4DF949892E2ABAE2 /* Pods-Messages.release.xcconfig */ = {isa = PBXFileReference; includeInIndex = 1; lastKnownFileType = text.xcconfig; name = "Pods-Messages.release.xcconfig"; path = "Target Support Files/Pods-Messages/Pods-Messages.release.xcconfig"; sourceTree = "<group>"; };
		791FA04488B37EF62AAFBCFA /* Pods-Messages.debug.xcconfig */ = {isa = PBXFileReference; includeInIndex = 1; lastKnownFileType = text.xcconfig; name = "Pods-Messages.debug.xcconfig"; path = "Target Support Files/Pods-Messages/Pods-Messages.debug.xcconfig"; sourceTree = "<group>"; };
		B1003B635035A4182CE2ADBD /* Pods_Messages.framework */ = {isa = PBXFileReference; explicitFileType = wrapper.framework; includeInIndex = 0; path = Pods_Messages.framework; sourceTree = BUILT_PRODUCTS_DIR; };
		B33C8C9A25111A4100CDCBEC /* Messages.app */ = {isa = PBXFileReference; explicitFileType = wrapper.application; includeInIndex = 0; path = Messages.app; sourceTree = BUILT_PRODUCTS_DIR; };
		B33C8C9D25111A4100CDCBEC /* AppDelegate.swift */ = {isa = PBXFileReference; lastKnownFileType = sourcecode.swift; path = AppDelegate.swift; sourceTree = "<group>"; };
		B33C8C9F25111A4100CDCBEC /* SceneDelegate.swift */ = {isa = PBXFileReference; lastKnownFileType = sourcecode.swift; path = SceneDelegate.swift; sourceTree = "<group>"; };
		B33C8CA125111A4100CDCBEC /* ConversationViewController.swift */ = {isa = PBXFileReference; lastKnownFileType = sourcecode.swift; path = ConversationViewController.swift; sourceTree = "<group>"; };
		B33C8CA425111A4100CDCBEC /* Base */ = {isa = PBXFileReference; lastKnownFileType = file.storyboard; name = Base; path = Base.lproj/Main.storyboard; sourceTree = "<group>"; };
		B33C8CA625111A4300CDCBEC /* Assets.xcassets */ = {isa = PBXFileReference; lastKnownFileType = folder.assetcatalog; path = Assets.xcassets; sourceTree = "<group>"; };
		B33C8CA925111A4300CDCBEC /* Base */ = {isa = PBXFileReference; lastKnownFileType = file.storyboard; name = Base; path = Base.lproj/LaunchScreen.storyboard; sourceTree = "<group>"; };
		B33C8CAB25111A4300CDCBEC /* Info.plist */ = {isa = PBXFileReference; lastKnownFileType = text.plist.xml; path = Info.plist; sourceTree = "<group>"; };
		B33C8CBB2511247300CDCBEC /* RegisterViewController.swift */ = {isa = PBXFileReference; lastKnownFileType = sourcecode.swift; path = RegisterViewController.swift; sourceTree = "<group>"; };
		B33C8CBD2511248200CDCBEC /* ProfileViewController.swift */ = {isa = PBXFileReference; lastKnownFileType = sourcecode.swift; path = ProfileViewController.swift; sourceTree = "<group>"; };
		B33C8CBF251124A400CDCBEC /* NewConversationViewController.swift */ = {isa = PBXFileReference; lastKnownFileType = sourcecode.swift; path = NewConversationViewController.swift; sourceTree = "<group>"; };
		B33C8CC1251124B600CDCBEC /* PhotoViewerViewController.swift */ = {isa = PBXFileReference; lastKnownFileType = sourcecode.swift; path = PhotoViewerViewController.swift; sourceTree = "<group>"; };
		B33C8CC3251124D400CDCBEC /* VideoPlayerViewController.swift */ = {isa = PBXFileReference; lastKnownFileType = sourcecode.swift; path = VideoPlayerViewController.swift; sourceTree = "<group>"; };
		B33C8CC725112F5D00CDCBEC /* Extensions.swift */ = {isa = PBXFileReference; lastKnownFileType = sourcecode.swift; path = Extensions.swift; sourceTree = "<group>"; };
		B33C8CC92511311A00CDCBEC /* LoginViewController.swift */ = {isa = PBXFileReference; lastKnownFileType = sourcecode.swift; path = LoginViewController.swift; sourceTree = "<group>"; };
		B3FE455525139FEF004D148A /* GoogleService-Info.plist */ = {isa = PBXFileReference; fileEncoding = 4; lastKnownFileType = text.plist.xml; name = "GoogleService-Info.plist"; path = "../../../../../Users/indooffice4/Downloads/GoogleService-Info.plist"; sourceTree = "<group>"; };
/* End PBXFileReference section */

/* Begin PBXFrameworksBuildPhase section */
		B33C8C9725111A4100CDCBEC /* Frameworks */ = {
			isa = PBXFrameworksBuildPhase;
			buildActionMask = 2147483647;
			files = (
				00EDF86560479E88EBEEDBA0 /* Pods_Messages.framework in Frameworks */,
			);
			runOnlyForDeploymentPostprocessing = 0;
		};
/* End PBXFrameworksBuildPhase section */

/* Begin PBXGroup section */
		B33C8C9125111A4100CDCBEC = {
			isa = PBXGroup;
			children = (
				B33C8C9C25111A4100CDCBEC /* Messages */,
				B33C8C9B25111A4100CDCBEC /* Products */,
				F70544B65738CE58B8D276C3 /* Pods */,
				E47FE59ED5C3ABB89DF8DDD3 /* Frameworks */,
			);
			sourceTree = "<group>";
		};
		B33C8C9B25111A4100CDCBEC /* Products */ = {
			isa = PBXGroup;
			children = (
				B33C8C9A25111A4100CDCBEC /* Messages.app */,
			);
			name = Products;
			sourceTree = "<group>";
		};
		B33C8C9C25111A4100CDCBEC /* Messages */ = {
			isa = PBXGroup;
			children = (
				B3FE455525139FEF004D148A /* GoogleService-Info.plist */,
				B33C8CB62511222900CDCBEC /* Resources */,
				B33C8CB52511222100CDCBEC /* ViewModels */,
				B33C8CB42511221400CDCBEC /* Views */,
				B33C8CB3251121F800CDCBEC /* Models */,
				B33C8CB1251121E300CDCBEC /* Controllers */,
				B33C8CAB25111A4300CDCBEC /* Info.plist */,
			);
			path = Messages;
			sourceTree = "<group>";
		};
		B33C8CB1251121E300CDCBEC /* Controllers */ = {
			isa = PBXGroup;
			children = (
				B33C8CA125111A4100CDCBEC /* ConversationViewController.swift */,
				B33C8CC62511279100CDCBEC /* Login */,
				B33C8CBD2511248200CDCBEC /* ProfileViewController.swift */,
				B33C8CBF251124A400CDCBEC /* NewConversationViewController.swift */,
				B33C8CC1251124B600CDCBEC /* PhotoViewerViewController.swift */,
				B33C8CC3251124D400CDCBEC /* VideoPlayerViewController.swift */,
			);
			path = Controllers;
			sourceTree = "<group>";
		};
		B33C8CB3251121F800CDCBEC /* Models */ = {
			isa = PBXGroup;
			children = (
			);
			path = Models;
			sourceTree = "<group>";
		};
		B33C8CB42511221400CDCBEC /* Views */ = {
			isa = PBXGroup;
			children = (
				B33C8CB82511225100CDCBEC /* Storyboard */,
				B33C8CA625111A4300CDCBEC /* Assets.xcassets */,
			);
			path = Views;
			sourceTree = "<group>";
		};
		B33C8CB52511222100CDCBEC /* ViewModels */ = {
			isa = PBXGroup;
			children = (
			);
			path = ViewModels;
			sourceTree = "<group>";
		};
		B33C8CB62511222900CDCBEC /* Resources */ = {
			isa = PBXGroup;
			children = (
				B33C8C9D25111A4100CDCBEC /* AppDelegate.swift */,
				B33C8C9F25111A4100CDCBEC /* SceneDelegate.swift */,
				B33C8CC725112F5D00CDCBEC /* Extensions.swift */,
			);
			path = Resources;
			sourceTree = "<group>";
		};
		B33C8CB82511225100CDCBEC /* Storyboard */ = {
			isa = PBXGroup;
			children = (
				B33C8CA325111A4100CDCBEC /* Main.storyboard */,
				B33C8CA825111A4300CDCBEC /* LaunchScreen.storyboard */,
			);
			path = Storyboard;
			sourceTree = "<group>";
		};
		B33C8CC62511279100CDCBEC /* Login */ = {
			isa = PBXGroup;
			children = (
				B33C8CBB2511247300CDCBEC /* RegisterViewController.swift */,
				B33C8CC92511311A00CDCBEC /* LoginViewController.swift */,
			);
			path = Login;
			sourceTree = "<group>";
		};
		E47FE59ED5C3ABB89DF8DDD3 /* Frameworks */ = {
			isa = PBXGroup;
			children = (
				B1003B635035A4182CE2ADBD /* Pods_Messages.framework */,
			);
			name = Frameworks;
			sourceTree = "<group>";
		};
		F70544B65738CE58B8D276C3 /* Pods */ = {
			isa = PBXGroup;
			children = (
				791FA04488B37EF62AAFBCFA /* Pods-Messages.debug.xcconfig */,
				33BD440E4DF949892E2ABAE2 /* Pods-Messages.release.xcconfig */,
			);
			name = Pods;
			path = Pods;
			sourceTree = "<group>";
		};
/* End PBXGroup section */

/* Begin PBXNativeTarget section */
		B33C8C9925111A4100CDCBEC /* Messages */ = {
			isa = PBXNativeTarget;
			buildConfigurationList = B33C8CAE25111A4300CDCBEC /* Build configuration list for PBXNativeTarget "Messages" */;
			buildPhases = (
				D610A51EDAACBC24F12F5120 /* [CP] Check Pods Manifest.lock */,
				B33C8C9625111A4100CDCBEC /* Sources */,
				B33C8C9725111A4100CDCBEC /* Frameworks */,
				B33C8C9825111A4100CDCBEC /* Resources */,
				C0067166C97F3645E7AFD13E /* [CP] Embed Pods Frameworks */,
			);
			buildRules = (
			);
			dependencies = (
			);
			name = Messages;
			productName = Messages;
			productReference = B33C8C9A25111A4100CDCBEC /* Messages.app */;
			productType = "com.apple.product-type.application";
		};
/* End PBXNativeTarget section */

/* Begin PBXProject section */
		B33C8C9225111A4100CDCBEC /* Project object */ = {
			isa = PBXProject;
			attributes = {
				LastSwiftUpdateCheck = 1170;
				LastUpgradeCheck = 1170;
				ORGANIZATIONNAME = "BMG MacbookPro";
				TargetAttributes = {
					B33C8C9925111A4100CDCBEC = {
						CreatedOnToolsVersion = 11.7;
					};
				};
			};
			buildConfigurationList = B33C8C9525111A4100CDCBEC /* Build configuration list for PBXProject "Messages" */;
			compatibilityVersion = "Xcode 9.3";
			developmentRegion = en;
			hasScannedForEncodings = 0;
			knownRegions = (
				en,
				Base,
			);
			mainGroup = B33C8C9125111A4100CDCBEC;
			productRefGroup = B33C8C9B25111A4100CDCBEC /* Products */;
			projectDirPath = "";
			projectRoot = "";
			targets = (
				B33C8C9925111A4100CDCBEC /* Messages */,
			);
		};
/* End PBXProject section */

/* Begin PBXResourcesBuildPhase section */
		B33C8C9825111A4100CDCBEC /* Resources */ = {
			isa = PBXResourcesBuildPhase;
			buildActionMask = 2147483647;
			files = (
				B33C8CAA25111A4300CDCBEC /* LaunchScreen.storyboard in Resources */,
				B3FE455625139FEF004D148A /* GoogleService-Info.plist in Resources */,
				B33C8CA725111A4300CDCBEC /* Assets.xcassets in Resources */,
				B33C8CA525111A4100CDCBEC /* Main.storyboard in Resources */,
			);
			runOnlyForDeploymentPostprocessing = 0;
		};
/* End PBXResourcesBuildPhase section */

/* Begin PBXShellScriptBuildPhase section */
		C0067166C97F3645E7AFD13E /* [CP] Embed Pods Frameworks */ = {
			isa = PBXShellScriptBuildPhase;
			buildActionMask = 2147483647;
			files = (
			);
			inputFileListPaths = (
				"${PODS_ROOT}/Target Support Files/Pods-Messages/Pods-Messages-frameworks-${CONFIGURATION}-input-files.xcfilelist",
			);
			name = "[CP] Embed Pods Frameworks";
			outputFileListPaths = (
				"${PODS_ROOT}/Target Support Files/Pods-Messages/Pods-Messages-frameworks-${CONFIGURATION}-output-files.xcfilelist",
			);
			runOnlyForDeploymentPostprocessing = 0;
			shellPath = /bin/sh;
			shellScript = "\"${PODS_ROOT}/Target Support Files/Pods-Messages/Pods-Messages-frameworks.sh\"\n";
			showEnvVarsInLog = 0;
		};
		D610A51EDAACBC24F12F5120 /* [CP] Check Pods Manifest.lock */ = {
			isa = PBXShellScriptBuildPhase;
			buildActionMask = 2147483647;
			files = (
			);
			inputFileListPaths = (
			);
			inputPaths = (
				"${PODS_PODFILE_DIR_PATH}/Podfile.lock",
				"${PODS_ROOT}/Manifest.lock",
			);
			name = "[CP] Check Pods Manifest.lock";
			outputFileListPaths = (
			);
			outputPaths = (
				"$(DERIVED_FILE_DIR)/Pods-Messages-checkManifestLockResult.txt",
			);
			runOnlyForDeploymentPostprocessing = 0;
			shellPath = /bin/sh;
			shellScript = "diff \"${PODS_PODFILE_DIR_PATH}/Podfile.lock\" \"${PODS_ROOT}/Manifest.lock\" > /dev/null\nif [ $? != 0 ] ; then\n    # print error to STDERR\n    echo \"error: The sandbox is not in sync with the Podfile.lock. Run 'pod install' or update your CocoaPods installation.\" >&2\n    exit 1\nfi\n# This output is used by Xcode 'outputs' to avoid re-running this script phase.\necho \"SUCCESS\" > \"${SCRIPT_OUTPUT_FILE_0}\"\n";
			showEnvVarsInLog = 0;
		};
/* End PBXShellScriptBuildPhase section */

/* Begin PBXSourcesBuildPhase section */
		B33C8C9625111A4100CDCBEC /* Sources */ = {
			isa = PBXSourcesBuildPhase;
			buildActionMask = 2147483647;
			files = (
				B33C8CBE2511248200CDCBEC /* ProfileViewController.swift in Sources */,
				B33C8CC0251124A400CDCBEC /* NewConversationViewController.swift in Sources */,
				B33C8CC4251124D400CDCBEC /* VideoPlayerViewController.swift in Sources */,
				B33C8CBC2511247300CDCBEC /* RegisterViewController.swift in Sources */,
				B33C8CC825112F5D00CDCBEC /* Extensions.swift in Sources */,
				B33C8CA225111A4100CDCBEC /* ConversationViewController.swift in Sources */,
				B33C8CC2251124B600CDCBEC /* PhotoViewerViewController.swift in Sources */,
				B33C8C9E25111A4100CDCBEC /* AppDelegate.swift in Sources */,
				B33C8CCA2511311A00CDCBEC /* LoginViewController.swift in Sources */,
				B33C8CA025111A4100CDCBEC /* SceneDelegate.swift in Sources */,
			);
			runOnlyForDeploymentPostprocessing = 0;
		};
/* End PBXSourcesBuildPhase section */

/* Begin PBXVariantGroup section */
		B33C8CA325111A4100CDCBEC /* Main.storyboard */ = {
			isa = PBXVariantGroup;
			children = (
				B33C8CA425111A4100CDCBEC /* Base */,
			);
			name = Main.storyboard;
			sourceTree = "<group>";
		};
		B33C8CA825111A4300CDCBEC /* LaunchScreen.storyboard */ = {
			isa = PBXVariantGroup;
			children = (
				B33C8CA925111A4300CDCBEC /* Base */,
			);
			name = LaunchScreen.storyboard;
			sourceTree = "<group>";
		};
/* End PBXVariantGroup section */

/* Begin XCBuildConfiguration section */
		B33C8CAC25111A4300CDCBEC /* Debug */ = {
			isa = XCBuildConfiguration;
			buildSettings = {
				ALWAYS_SEARCH_USER_PATHS = NO;
				CLANG_ANALYZER_NONNULL = YES;
				CLANG_ANALYZER_NUMBER_OBJECT_CONVERSION = YES_AGGRESSIVE;
				CLANG_CXX_LANGUAGE_STANDARD = "gnu++14";
				CLANG_CXX_LIBRARY = "libc++";
				CLANG_ENABLE_MODULES = YES;
				CLANG_ENABLE_OBJC_ARC = YES;
				CLANG_ENABLE_OBJC_WEAK = YES;
				CLANG_WARN_BLOCK_CAPTURE_AUTORELEASING = YES;
				CLANG_WARN_BOOL_CONVERSION = YES;
				CLANG_WARN_COMMA = YES;
				CLANG_WARN_CONSTANT_CONVERSION = YES;
				CLANG_WARN_DEPRECATED_OBJC_IMPLEMENTATIONS = YES;
				CLANG_WARN_DIRECT_OBJC_ISA_USAGE = YES_ERROR;
				CLANG_WARN_DOCUMENTATION_COMMENTS = YES;
				CLANG_WARN_EMPTY_BODY = YES;
				CLANG_WARN_ENUM_CONVERSION = YES;
				CLANG_WARN_INFINITE_RECURSION = YES;
				CLANG_WARN_INT_CONVERSION = YES;
				CLANG_WARN_NON_LITERAL_NULL_CONVERSION = YES;
				CLANG_WARN_OBJC_IMPLICIT_RETAIN_SELF = YES;
				CLANG_WARN_OBJC_LITERAL_CONVERSION = YES;
				CLANG_WARN_OBJC_ROOT_CLASS = YES_ERROR;
				CLANG_WARN_RANGE_LOOP_ANALYSIS = YES;
				CLANG_WARN_STRICT_PROTOTYPES = YES;
				CLANG_WARN_SUSPICIOUS_MOVE = YES;
				CLANG_WARN_UNGUARDED_AVAILABILITY = YES_AGGRESSIVE;
				CLANG_WARN_UNREACHABLE_CODE = YES;
				CLANG_WARN__DUPLICATE_METHOD_MATCH = YES;
				COPY_PHASE_STRIP = NO;
				DEBUG_INFORMATION_FORMAT = dwarf;
				ENABLE_STRICT_OBJC_MSGSEND = YES;
				ENABLE_TESTABILITY = YES;
				GCC_C_LANGUAGE_STANDARD = gnu11;
				GCC_DYNAMIC_NO_PIC = NO;
				GCC_NO_COMMON_BLOCKS = YES;
				GCC_OPTIMIZATION_LEVEL = 0;
				GCC_PREPROCESSOR_DEFINITIONS = (
					"DEBUG=1",
					"$(inherited)",
				);
				GCC_WARN_64_TO_32_BIT_CONVERSION = YES;
				GCC_WARN_ABOUT_RETURN_TYPE = YES_ERROR;
				GCC_WARN_UNDECLARED_SELECTOR = YES;
				GCC_WARN_UNINITIALIZED_AUTOS = YES_AGGRESSIVE;
				GCC_WARN_UNUSED_FUNCTION = YES;
				GCC_WARN_UNUSED_VARIABLE = YES;
				IPHONEOS_DEPLOYMENT_TARGET = 13.7;
				MTL_ENABLE_DEBUG_INFO = INCLUDE_SOURCE;
				MTL_FAST_MATH = YES;
				ONLY_ACTIVE_ARCH = YES;
				SDKROOT = iphoneos;
				SWIFT_ACTIVE_COMPILATION_CONDITIONS = DEBUG;
				SWIFT_OPTIMIZATION_LEVEL = "-Onone";
			};
			name = Debug;
		};
		B33C8CAD25111A4300CDCBEC /* Release */ = {
			isa = XCBuildConfiguration;
			buildSettings = {
				ALWAYS_SEARCH_USER_PATHS = NO;
				CLANG_ANALYZER_NONNULL = YES;
				CLANG_ANALYZER_NUMBER_OBJECT_CONVERSION = YES_AGGRESSIVE;
				CLANG_CXX_LANGUAGE_STANDARD = "gnu++14";
				CLANG_CXX_LIBRARY = "libc++";
				CLANG_ENABLE_MODULES = YES;
				CLANG_ENABLE_OBJC_ARC = YES;
				CLANG_ENABLE_OBJC_WEAK = YES;
				CLANG_WARN_BLOCK_CAPTURE_AUTORELEASING = YES;
				CLANG_WARN_BOOL_CONVERSION = YES;
				CLANG_WARN_COMMA = YES;
				CLANG_WARN_CONSTANT_CONVERSION = YES;
				CLANG_WARN_DEPRECATED_OBJC_IMPLEMENTATIONS = YES;
				CLANG_WARN_DIRECT_OBJC_ISA_USAGE = YES_ERROR;
				CLANG_WARN_DOCUMENTATION_COMMENTS = YES;
				CLANG_WARN_EMPTY_BODY = YES;
				CLANG_WARN_ENUM_CONVERSION = YES;
				CLANG_WARN_INFINITE_RECURSION = YES;
				CLANG_WARN_INT_CONVERSION = YES;
				CLANG_WARN_NON_LITERAL_NULL_CONVERSION = YES;
				CLANG_WARN_OBJC_IMPLICIT_RETAIN_SELF = YES;
				CLANG_WARN_OBJC_LITERAL_CONVERSION = YES;
				CLANG_WARN_OBJC_ROOT_CLASS = YES_ERROR;
				CLANG_WARN_RANGE_LOOP_ANALYSIS = YES;
				CLANG_WARN_STRICT_PROTOTYPES = YES;
				CLANG_WARN_SUSPICIOUS_MOVE = YES;
				CLANG_WARN_UNGUARDED_AVAILABILITY = YES_AGGRESSIVE;
				CLANG_WARN_UNREACHABLE_CODE = YES;
				CLANG_WARN__DUPLICATE_METHOD_MATCH = YES;
				COPY_PHASE_STRIP = NO;
				DEBUG_INFORMATION_FORMAT = "dwarf-with-dsym";
				ENABLE_NS_ASSERTIONS = NO;
				ENABLE_STRICT_OBJC_MSGSEND = YES;
				GCC_C_LANGUAGE_STANDARD = gnu11;
				GCC_NO_COMMON_BLOCKS = YES;
				GCC_WARN_64_TO_32_BIT_CONVERSION = YES;
				GCC_WARN_ABOUT_RETURN_TYPE = YES_ERROR;
				GCC_WARN_UNDECLARED_SELECTOR = YES;
				GCC_WARN_UNINITIALIZED_AUTOS = YES_AGGRESSIVE;
				GCC_WARN_UNUSED_FUNCTION = YES;
				GCC_WARN_UNUSED_VARIABLE = YES;
				IPHONEOS_DEPLOYMENT_TARGET = 13.7;
				MTL_ENABLE_DEBUG_INFO = NO;
				MTL_FAST_MATH = YES;
				SDKROOT = iphoneos;
				SWIFT_COMPILATION_MODE = wholemodule;
				SWIFT_OPTIMIZATION_LEVEL = "-O";
				VALIDATE_PRODUCT = YES;
			};
			name = Release;
		};
		B33C8CAF25111A4300CDCBEC /* Debug */ = {
			isa = XCBuildConfiguration;
			baseConfigurationReference = 791FA04488B37EF62AAFBCFA /* Pods-Messages.debug.xcconfig */;
			buildSettings = {
				ASSETCATALOG_COMPILER_APPICON_NAME = AppIcon;
				CODE_SIGN_STYLE = Automatic;
				DEVELOPMENT_TEAM = 8B6B66279C;
				INFOPLIST_FILE = Messages/Info.plist;
				LD_RUNPATH_SEARCH_PATHS = (
					"$(inherited)",
					"@executable_path/Frameworks",
				);
				PRODUCT_BUNDLE_IDENTIFIER = com.bgm.Messages;
				PRODUCT_NAME = "$(TARGET_NAME)";
				SWIFT_VERSION = 5.0;
				TARGETED_DEVICE_FAMILY = "1,2";
			};
			name = Debug;
		};
		B33C8CB025111A4300CDCBEC /* Release */ = {
			isa = XCBuildConfiguration;
			baseConfigurationReference = 33BD440E4DF949892E2ABAE2 /* Pods-Messages.release.xcconfig */;
			buildSettings = {
				ASSETCATALOG_COMPILER_APPICON_NAME = AppIcon;
				CODE_SIGN_STYLE = Automatic;
				DEVELOPMENT_TEAM = 8B6B66279C;
				INFOPLIST_FILE = Messages/Info.plist;
				LD_RUNPATH_SEARCH_PATHS = (
					"$(inherited)",
					"@executable_path/Frameworks",
				);
				PRODUCT_BUNDLE_IDENTIFIER = com.bgm.Messages;
				PRODUCT_NAME = "$(TARGET_NAME)";
				SWIFT_VERSION = 5.0;
				TARGETED_DEVICE_FAMILY = "1,2";
			};
			name = Release;
		};
/* End XCBuildConfiguration section */

/* Begin XCConfigurationList section */
		B33C8C9525111A4100CDCBEC /* Build configuration list for PBXProject "Messages" */ = {
			isa = XCConfigurationList;
			buildConfigurations = (
				B33C8CAC25111A4300CDCBEC /* Debug */,
				B33C8CAD25111A4300CDCBEC /* Release */,
			);
			defaultConfigurationIsVisible = 0;
			defaultConfigurationName = Release;
		};
		B33C8CAE25111A4300CDCBEC /* Build configuration list for PBXNativeTarget "Messages" */ = {
			isa = XCConfigurationList;
			buildConfigurations = (
				B33C8CAF25111A4300CDCBEC /* Debug */,
				B33C8CB025111A4300CDCBEC /* Release */,
			);
			defaultConfigurationIsVisible = 0;
			defaultConfigurationName = Release;
		};
/* End XCConfigurationList section */
	};
	rootObject = B33C8C9225111A4100CDCBEC /* Project object */;
}
